{
  "name": "markdown-image-paste",
  "version": "0.0.1",
  "lockfileVersion": 1,
  "requires": true,
  "dependencies": {
    "@types/mocha": {
      "version": "2.2.48",
      "resolved": "http://registry.npm.taobao.org/@types/mocha/download/@types/mocha-2.2.48.tgz",
      "dev": true
    },
    "@types/node": {
      "version": "7.0.68",
      "resolved": "http://registry.npm.taobao.org/@types/node/download/@types/node-7.0.68.tgz",
      "dev": true
    },
    "child_process": {
      "version": "1.0.2",
      "resolved": "http://registry.npm.taobao.org/child_process/download/child_process-1.0.2.tgz"
    },
    "fs": {
      "version": "0.0.1-security",
      "resolved": "http://registry.npm.taobao.org/fs/download/fs-0.0.1-security.tgz"
    },
    "fs-extra": {
      "version": "5.0.0",
      "resolved": "https://registry.npmjs.org/fs-extra/-/fs-extra-5.0.0.tgz",
      "integrity": "sha512-66Pm4RYbjzdyeuqudYqhFiNBbCIuI9kgRqLPSHIlXHidW8NIQtVdkM1yeZ4lXwuhbTETv3EUGMNHAAw6hiundQ==",
      "requires": {
        "graceful-fs": "^4.1.2",
        "jsonfile": "^4.0.0",
        "universalify": "^0.1.0"
      }
    },
    "graceful-fs": {
      "version": "4.1.11",
      "resolved": "http://registry.npm.taobao.org/graceful-fs/download/graceful-fs-4.1.11.tgz"
    },
    "jsonfile": {
      "version": "4.0.0",
      "resolved": "https://registry.npmjs.org/jsonfile/-/jsonfile-4.0.0.tgz",
      "integrity": "sha1-h3Gq4HmbZAdrdmQPygWPnBDjPss=",
      "requires": {
        "graceful-fs": "^4.1.6"
      }
    },
    "node-ipc": {
      "version": "9.1.1",
      "resolved": "http://registry.npm.taobao.org/node-ipc/download/node-ipc-9.1.1.tgz",
      "dependencies": {
        "event-pubsub": {
          "version": "http://registry.npm.taobao.org/event-pubsub/download/event-pubsub-4.3.0.tgz",
          "bundled": true
        },
        "js-message": {
          "version": "http://registry.npm.taobao.org/js-message/download/js-message-1.0.5.tgz",
          "bundled": true
        },
        "js-queue": {
          "version": "http://registry.npm.taobao.org/js-queue/download/js-queue-2.0.0.tgz",
          "bundled": true,
          "dependencies": {
            "easy-stack": {
              "version": "http://registry.npm.taobao.org/easy-stack/download/easy-stack-1.0.0.tgz"
            }
          }
        }
      }
    },
    "path": {
      "version": "0.12.7",
      "resolved": "http://registry.npm.taobao.org/path/download/path-0.12.7.tgz",
      "dependencies": {
        "process": {
          "version": "http://registry.npm.taobao.org/process/download/process-0.11.10.tgz",
          "bundled": true
        },
        "util": {
          "version": "http://registry.npm.taobao.org/util/download/util-0.10.4.tgz",
          "bundled": true
        }
      }
    },
    "postinstall": {
      "version": "0.4.1",
      "resolved": "https://registry.npmjs.org/postinstall/-/postinstall-0.4.1.tgz",
      "integrity": "sha512-CKASgwJGKpqACebwoSglCC+u/agGFTP+LC7M1iQsz7+7vVgsMKFX7M0EYU6tZhRaVex9mIbfngDysqJM96x5KQ==",
      "requires": {
        "fs-extra": "^5.0.0",
        "minimist": "^1.2.0",
        "resolve-from": "^4.0.0",
        "resolve-pkg": "^1.0.0"
      },
      "dependencies": {
        "minimist": {
          "version": "1.2.0",
          "resolved": "https://registry.npmjs.org/minimist/-/minimist-1.2.0.tgz",
          "integrity": "sha1-o1AIsg9BOD7sH7kU9M1d95omQoQ="
        }
      }
    },
    "resolve-from": {
      "version": "4.0.0",
      "resolved": "https://registry.npmjs.org/resolve-from/-/resolve-from-4.0.0.tgz",
      "integrity": "sha512-pb/MYmXstAkysRFx8piNI1tGFNQIFA3vkE3Gq4EuA1dF6gHp/+vgZqsCGJapvy8N3Q+4o7FwvquPJcnZ7RYy4g=="
    },
    "resolve-pkg": {
      "version": "1.0.0",
      "resolved": "https://registry.npmjs.org/resolve-pkg/-/resolve-pkg-1.0.0.tgz",
      "integrity": "sha1-4ZoV54rKLhJEYdySsuOUPvk0lNk=",
      "requires": {
        "resolve-from": "^2.0.0"
      },
      "dependencies": {
        "resolve-from": {
          "version": "2.0.0",
          "resolved": "https://registry.npmjs.org/resolve-from/-/resolve-from-2.0.0.tgz",
          "integrity": "sha1-lICrIOlP+h2egKgEx+oUdhGWa1c="
        }
      }
    },
    "tinify": {
      "version": "1.6.0-beta.2",
      "resolved": "http://registry.npm.taobao.org/tinify/download/tinify-1.6.0-beta.2.tgz",
      "dependencies": {
        "promise-nodeify": {
          "version": "http://registry.npm.taobao.org/promise-nodeify/download/promise-nodeify-3.0.0.tgz"
        },
        "proxying-agent": {
          "version": "http://registry.npm.taobao.org/proxying-agent/download/proxying-agent-2.2.1.tgz"
        }
      }
    },
    "tslint": {
      "version": "5.11.0",
      "resolved": "http://registry.npm.taobao.org/tslint/download/tslint-5.11.0.tgz",
      "dev": true,
      "dependencies": {
        "babel-code-frame": {
          "version": "http://registry.npm.taobao.org/babel-code-frame/download/babel-code-frame-6.26.0.tgz",
          "bundled": true
        },
        "builtin-modules": {
          "version": "http://registry.npm.taobao.org/builtin-modules/download/builtin-modules-1.1.1.tgz",
          "bundled": true
        },
        "chalk": {
          "version": "http://registry.npm.taobao.org/chalk/download/chalk-2.4.1.tgz",
          "bundled": true
        },
        "commander": {
          "version": "http://registry.npm.taobao.org/commander/download/commander-2.16.0.tgz",
          "bundled": true
        },
        "diff": {
          "version": "http://registry.npm.taobao.org/diff/download/diff-3.5.0.tgz",
          "bundled": true
        },
        "glob": {
          "version": "http://registry.npm.taobao.org/glob/download/glob-7.1.2.tgz",
          "bundled": true,
          "dependencies": {
            "fs.realpath": {
              "version": "http://registry.npm.taobao.org/fs.realpath/download/fs.realpath-1.0.0.tgz",
              "bundled": true
            },
            "inflight": {
              "version": "http://registry.npm.taobao.org/inflight/download/inflight-1.0.6.tgz",
              "bundled": true
            },
            "inherits": {
              "version": "http://registry.npm.taobao.org/inherits/download/inherits-2.0.3.tgz",
              "bundled": true
            },
            "minimatch": {
              "version": "http://registry.npm.taobao.org/minimatch/download/minimatch-3.0.4.tgz",
              "bundled": true,
              "dependencies": {
                "brace-expansion": {
                  "version": "http://registry.npm.taobao.org/brace-expansion/download/brace-expansion-1.1.11.tgz"
                }
              }
            },
            "once": {
              "version": "http://registry.npm.taobao.org/once/download/once-1.4.0.tgz",
              "bundled": true,
              "dependencies": {
                "wrappy": {
                  "version": "http://registry.npm.taobao.org/wrappy/download/wrappy-1.0.2.tgz",
                  "bundled": true
                }
              }
            },
            "path-is-absolute": {
              "version": "http://registry.npm.taobao.org/path-is-absolute/download/path-is-absolute-1.0.1.tgz",
              "bundled": true
            }
          }
        },
        "js-yaml": {
          "version": "http://registry.npm.taobao.org/js-yaml/download/js-yaml-3.12.0.tgz",
          "bundled": true
        },
        "minimatch": {
          "version": "http://registry.npm.taobao.org/minimatch/download/minimatch-3.0.4.tgz",
          "bundled": true,
          "dependencies": {
            "brace-expansion": {
              "version": "http://registry.npm.taobao.org/brace-expansion/download/brace-expansion-1.1.11.tgz"
            }
          }
        },
        "resolve": {
          "version": "http://registry.npm.taobao.org/resolve/download/resolve-1.8.1.tgz",
          "bundled": true
        },
        "semver": {
          "version": "http://registry.npm.taobao.org/semver/download/semver-5.5.0.tgz",
          "bundled": true
        },
        "tslib": {
          "version": "http://registry.npm.taobao.org/tslib/download/tslib-1.9.3.tgz",
          "bundled": true
        },
        "tsutils": {
          "version": "http://registry.npm.taobao.org/tsutils/download/tsutils-2.29.0.tgz",
          "bundled": true
        }
      }
    },
    "typescript": {
      "version": "2.9.2",
      "resolved": "http://registry.npm.taobao.org/typescript/download/typescript-2.9.2.tgz",
      "dev": true
    },
    "universalify": {
      "version": "0.1.2",
      "resolved": "https://registry.npmjs.org/universalify/-/universalify-0.1.2.tgz",
      "integrity": "sha512-rBJeI5CXAlmy1pV+617WB9J63U6XcazHHF2f2dbJix4XzpUF0RS3Zbj0FGIOCAva5P/d/GBOYaACQ1w+0azUkg=="
    },
    "vscode": {
      "version": "1.1.18",
      "resolved": "http://registry.npm.taobao.org/vscode/download/vscode-1.1.18.tgz",
      "dependencies": {
        "glob": {
          "version": "http://registry.npm.taobao.org/glob/download/glob-7.1.2.tgz",
          "bundled": true
        },
        "gulp-chmod": {
          "version": "http://registry.npm.taobao.org/gulp-chmod/download/gulp-chmod-2.0.0.tgz",
          "bundled": true
        },
        "gulp-filter": {
          "version": "http://registry.npm.taobao.org/gulp-filter/download/gulp-filter-5.1.0.tgz",
          "bundled": true
        },
        "gulp-gunzip": {
          "version": "http://registry.npm.taobao.org/gulp-gunzip/download/gulp-gunzip-1.0.0.tgz",
          "bundled": true
        },
        "gulp-remote-src-vscode": {
          "version": "http://registry.npm.taobao.org/gulp-remote-src-vscode/download/gulp-remote-src-vscode-0.5.0.tgz",
          "bundled": true
        },
        "gulp-symdest": {
          "version": "http://registry.npm.taobao.org/gulp-symdest/download/gulp-symdest-1.1.0.tgz",
          "bundled": true
        },
        "gulp-untar": {
          "version": "http://registry.npm.taobao.org/gulp-untar/download/gulp-untar-0.0.7.tgz",
          "bundled": true,
          "dependencies": {
            "event-stream": {
              "version": "http://registry.npm.taobao.org/event-stream/download/event-stream-3.3.4.tgz"
            },
            "streamifier": {
              "version": "http://registry.npm.taobao.org/streamifier/download/streamifier-0.1.1.tgz"
            },
            "tar": {
              "version": "http://registry.npm.taobao.org/tar/download/tar-2.2.1.tgz"
            },
            "through2": {
              "version": "http://registry.npm.taobao.org/through2/download/through2-2.0.3.tgz",
              "dependencies": {
                "readable-stream": {
                  "version": "http://registry.npm.taobao.org/readable-stream/download/readable-stream-2.3.6.tgz",
                  "bundled": true,
                  "dependencies": {
                    "core-util-is": {
                      "version": "http://registry.npm.taobao.org/core-util-is/download/core-util-is-1.0.2.tgz",
                      "bundled": true
                    },
                    "inherits": {
                      "version": "http://registry.npm.taobao.org/inherits/download/inherits-2.0.3.tgz",
                      "bundled": true
                    },
                    "isarray": {
                      "version": "http://registry.npm.taobao.org/isarray/download/isarray-1.0.0.tgz",
                      "bundled": true
                    },
                    "process-nextick-args": {
                      "version": "http://registry.npm.taobao.org/process-nextick-args/download/process-nextick-args-2.0.0.tgz",
                      "bundled": true
                    },
                    "safe-buffer": {
                      "version": "http://registry.npm.taobao.org/safe-buffer/download/safe-buffer-5.1.2.tgz",
                      "bundled": true
                    },
                    "string_decoder": {
                      "version": "http://registry.npm.taobao.org/string_decoder/download/string_decoder-1.1.1.tgz",
                      "bundled": true
                    },
                    "util-deprecate": {
                      "version": "http://registry.npm.taobao.org/util-deprecate/download/util-deprecate-1.0.2.tgz",
                      "bundled": true
                    }
                  }
                },
                "xtend": {
                  "version": "http://registry.npm.taobao.org/xtend/download/xtend-4.0.1.tgz",
                  "bundled": true
                }
              }
            },
            "vinyl": {
              "version": "http://registry.npm.taobao.org/vinyl/download/vinyl-1.2.0.tgz",
              "dependencies": {
                "clone": {
                  "version": "http://registry.npm.taobao.org/clone/download/clone-1.0.4.tgz"
                },
                "clone-stats": {
                  "version": "http://registry.npm.taobao.org/clone-stats/download/clone-stats-0.0.1.tgz"
                },
                "replace-ext": {
                  "version": "http://registry.npm.taobao.org/replace-ext/download/replace-ext-0.0.1.tgz"
                }
              }
            }
          }
        },
        "gulp-vinyl-zip": {
          "version": "http://registry.npm.taobao.org/gulp-vinyl-zip/download/gulp-vinyl-zip-2.1.0.tgz",
          "bundled": true,
          "dependencies": {
            "event-stream": {
              "version": "http://registry.npm.taobao.org/event-stream/download/event-stream-3.3.4.tgz",
              "bundled": true,
              "dependencies": {
                "duplexer": {
                  "version": "http://registry.npm.taobao.org/duplexer/download/duplexer-0.1.1.tgz",
                  "bundled": true
                },
                "from": {
                  "version": "http://registry.npm.taobao.org/from/download/from-0.1.7.tgz",
                  "bundled": true
                },
                "map-stream": {
                  "version": "http://registry.npm.taobao.org/map-stream/download/map-stream-0.1.0.tgz",
                  "bundled": true
                },
                "pause-stream": {
                  "version": "http://registry.npm.taobao.org/pause-stream/download/pause-stream-0.0.11.tgz",
                  "bundled": true
                },
                "split": {
                  "version": "http://registry.npm.taobao.org/split/download/split-0.3.3.tgz",
                  "bundled": true
                },
                "stream-combiner": {
                  "version": "http://registry.npm.taobao.org/stream-combiner/download/stream-combiner-0.0.4.tgz",
                  "bundled": true
                },
                "through": {
                  "version": "http://registry.npm.taobao.org/through/download/through-2.3.8.tgz",
                  "bundled": true
                }
              }
            },
            "queue": {
              "version": "http://registry.npm.taobao.org/queue/download/queue-4.4.2.tgz",
              "bundled": true
            },
            "through2": {
              "version": "http://registry.npm.taobao.org/through2/download/through2-2.0.3.tgz",
              "bundled": true
            },
            "vinyl": {
              "version": "http://registry.npm.taobao.org/vinyl/download/vinyl-2.2.0.tgz",
              "bundled": true,
              "dependencies": {
                "clone": {
                  "version": "http://registry.npm.taobao.org/clone/download/clone-2.1.1.tgz",
                  "bundled": true
                },
                "clone-buffer": {
                  "version": "http://registry.npm.taobao.org/clone-buffer/download/clone-buffer-1.0.0.tgz",
                  "bundled": true
                },
                "clone-stats": {
                  "version": "http://registry.npm.taobao.org/clone-stats/download/clone-stats-1.0.0.tgz",
                  "bundled": true
                },
                "cloneable-readable": {
                  "version": "http://registry.npm.taobao.org/cloneable-readable/download/cloneable-readable-1.1.2.tgz",
                  "bundled": true
                },
                "remove-trailing-separator": {
                  "version": "http://registry.npm.taobao.org/remove-trailing-separator/download/remove-trailing-separator-1.1.0.tgz",
                  "bundled": true
                },
                "replace-ext": {
                  "version": "http://registry.npm.taobao.org/replace-ext/download/replace-ext-1.0.0.tgz",
                  "bundled": true
                }
              }
            },
            "vinyl-fs": {
              "version": "http://registry.npm.taobao.org/vinyl-fs/download/vinyl-fs-2.4.4.tgz",
              "bundled": true,
              "dependencies": {
                "duplexify": {
                  "version": "http://registry.npm.taobao.org/duplexify/download/duplexify-3.6.0.tgz",
                  "dependencies": {
                    "end-of-stream": {
                      "version": "http://registry.npm.taobao.org/end-of-stream/download/end-of-stream-1.4.1.tgz",
                      "bundled": true,
                      "dependencies": {
                        "once": {
                          "version": "http://registry.npm.taobao.org/once/download/once-1.4.0.tgz",
                          "dependencies": {
                            "wrappy": {
                              "version": "http://registry.npm.taobao.org/wrappy/download/wrappy-1.0.2.tgz",
                              "bundled": true
                            }
                          }
                        }
                      }
                    },
                    "inherits": {
                      "version": "http://registry.npm.taobao.org/inherits/download/inherits-2.0.3.tgz",
                      "bundled": true
                    },
                    "readable-stream": {
                      "version": "http://registry.npm.taobao.org/readable-stream/download/readable-stream-2.3.6.tgz",
                      "bundled": true
                    },
                    "stream-shift": {
                      "version": "http://registry.npm.taobao.org/stream-shift/download/stream-shift-1.0.0.tgz",
                      "bundled": true
                    }
                  }
                },
                "glob-stream": {
                  "version": "http://registry.npm.taobao.org/glob-stream/download/glob-stream-5.3.5.tgz"
                },
                "graceful-fs": {
                  "version": "http://registry.npm.taobao.org/graceful-fs/download/graceful-fs-4.1.11.tgz"
                },
                "gulp-sourcemaps": {
                  "version": "http://registry.npm.taobao.org/gulp-sourcemaps/download/gulp-sourcemaps-1.6.0.tgz"
                },
                "is-valid-glob": {
                  "version": "http://registry.npm.taobao.org/is-valid-glob/download/is-valid-glob-0.3.0.tgz"
                },
                "lazystream": {
                  "version": "http://registry.npm.taobao.org/lazystream/download/lazystream-1.0.0.tgz",
                  "dependencies": {
                    "readable-stream": {
                      "version": "http://registry.npm.taobao.org/readable-stream/download/readable-stream-2.3.6.tgz",
                      "bundled": true,
                      "dependencies": {
                        "core-util-is": {
                          "version": "http://registry.npm.taobao.org/core-util-is/download/core-util-is-1.0.2.tgz",
                          "bundled": true
                        },
                        "inherits": {
                          "version": "http://registry.npm.taobao.org/inherits/download/inherits-2.0.3.tgz",
                          "bundled": true
                        },
                        "isarray": {
                          "version": "http://registry.npm.taobao.org/isarray/download/isarray-1.0.0.tgz",
                          "bundled": true
                        },
                        "process-nextick-args": {
                          "version": "http://registry.npm.taobao.org/process-nextick-args/download/process-nextick-args-2.0.0.tgz",
                          "bundled": true
                        },
                        "safe-buffer": {
                          "version": "http://registry.npm.taobao.org/safe-buffer/download/safe-buffer-5.1.2.tgz",
                          "bundled": true
                        },
                        "string_decoder": {
                          "version": "http://registry.npm.taobao.org/string_decoder/download/string_decoder-1.1.1.tgz",
                          "bundled": true
                        },
                        "util-deprecate": {
                          "version": "http://registry.npm.taobao.org/util-deprecate/download/util-deprecate-1.0.2.tgz",
                          "bundled": true
                        }
                      }
                    }
                  }
                },
                "lodash.isequal": {
                  "version": "http://registry.npm.taobao.org/lodash.isequal/download/lodash.isequal-4.5.0.tgz"
                },
                "merge-stream": {
                  "version": "http://registry.npm.taobao.org/merge-stream/download/merge-stream-1.0.1.tgz",
                  "dependencies": {
                    "readable-stream": {
                      "version": "http://registry.npm.taobao.org/readable-stream/download/readable-stream-2.3.6.tgz",
                      "bundled": true,
                      "dependencies": {
                        "core-util-is": {
                          "version": "http://registry.npm.taobao.org/core-util-is/download/core-util-is-1.0.2.tgz",
                          "bundled": true
                        },
                        "inherits": {
                          "version": "http://registry.npm.taobao.org/inherits/download/inherits-2.0.3.tgz",
                          "bundled": true
                        },
                        "isarray": {
                          "version": "http://registry.npm.taobao.org/isarray/download/isarray-1.0.0.tgz",
                          "bundled": true
                        },
                        "process-nextick-args": {
                          "version": "http://registry.npm.taobao.org/process-nextick-args/download/process-nextick-args-2.0.0.tgz",
                          "bundled": true
                        },
                        "safe-buffer": {
                          "version": "http://registry.npm.taobao.org/safe-buffer/download/safe-buffer-5.1.2.tgz",
                          "bundled": true
                        },
                        "string_decoder": {
                          "version": "http://registry.npm.taobao.org/string_decoder/download/string_decoder-1.1.1.tgz",
                          "bundled": true
                        },
                        "util-deprecate": {
                          "version": "http://registry.npm.taobao.org/util-deprecate/download/util-deprecate-1.0.2.tgz",
                          "bundled": true
                        }
                      }
                    }
                  }
                },
                "mkdirp": {
                  "version": "http://registry.npm.taobao.org/mkdirp/download/mkdirp-0.5.1.tgz",
                  "dependencies": {
                    "minimist": {
                      "version": "http://registry.npm.taobao.org/minimist/download/minimist-0.0.8.tgz",
                      "bundled": true
                    }
                  }
                },
                "object-assign": {
                  "version": "http://registry.npm.taobao.org/object-assign/download/object-assign-4.1.1.tgz"
                },
                "readable-stream": {
                  "version": "http://registry.npm.taobao.org/readable-stream/download/readable-stream-2.3.6.tgz",
                  "dependencies": {
                    "core-util-is": {
                      "version": "http://registry.npm.taobao.org/core-util-is/download/core-util-is-1.0.2.tgz",
                      "bundled": true
                    },
                    "inherits": {
                      "version": "http://registry.npm.taobao.org/inherits/download/inherits-2.0.3.tgz",
                      "bundled": true
                    },
                    "isarray": {
                      "version": "http://registry.npm.taobao.org/isarray/download/isarray-1.0.0.tgz",
                      "bundled": true
                    },
                    "process-nextick-args": {
                      "version": "http://registry.npm.taobao.org/process-nextick-args/download/process-nextick-args-2.0.0.tgz",
                      "bundled": true
                    },
                    "safe-buffer": {
                      "version": "http://registry.npm.taobao.org/safe-buffer/download/safe-buffer-5.1.2.tgz",
                      "bundled": true
                    },
                    "string_decoder": {
                      "version": "http://registry.npm.taobao.org/string_decoder/download/string_decoder-1.1.1.tgz",
                      "bundled": true
                    },
                    "util-deprecate": {
                      "version": "http://registry.npm.taobao.org/util-deprecate/download/util-deprecate-1.0.2.tgz",
                      "bundled": true
                    }
                  }
                },
                "strip-bom": {
                  "version": "http://registry.npm.taobao.org/strip-bom/download/strip-bom-2.0.0.tgz",
                  "dependencies": {
                    "is-utf8": {
                      "version": "http://registry.npm.taobao.org/is-utf8/download/is-utf8-0.2.1.tgz"
                    }
                  }
                },
                "strip-bom-stream": {
                  "version": "http://registry.npm.taobao.org/strip-bom-stream/download/strip-bom-stream-1.0.0.tgz"
                },
                "through2": {
                  "version": "http://registry.npm.taobao.org/through2/download/through2-2.0.3.tgz",
                  "dependencies": {
                    "readable-stream": {
                      "version": "http://registry.npm.taobao.org/readable-stream/download/readable-stream-2.3.6.tgz",
                      "bundled": true,
                      "dependencies": {}
                    },
                    "xtend": {
                      "version": "http://registry.npm.taobao.org/xtend/download/xtend-4.0.1.tgz",
                      "bundled": true
                    }
                  }
                },
                "through2-filter": {
                  "version": "http://registry.npm.taobao.org/through2-filter/download/through2-filter-2.0.0.tgz",
                  "dependencies": {
                    "through2": {
                      "version": "http://registry.npm.taobao.org/through2/download/through2-2.0.3.tgz",
                      "dependencies": {
                        "readable-stream": {
                          "version": "http://registry.npm.taobao.org/readable-stream/download/readable-stream-2.3.6.tgz",
                          "bundled": true,
                          "dependencies": {}
                        },
                        "xtend": {
                          "version": "http://registry.npm.taobao.org/xtend/download/xtend-4.0.1.tgz",
                          "bundled": true
                        }
                      }
                    },
                    "xtend": {
                      "version": "http://registry.npm.taobao.org/xtend/download/xtend-4.0.1.tgz"
                    }
                  }
                },
                "vali-date": {
                  "version": "http://registry.npm.taobao.org/vali-date/download/vali-date-1.0.0.tgz"
                },
                "vinyl": {
                  "version": "http://registry.npm.taobao.org/vinyl/download/vinyl-1.2.0.tgz",
                  "dependencies": {
                    "clone": {
                      "version": "http://registry.npm.taobao.org/clone/download/clone-1.0.4.tgz"
                    },
                    "clone-stats": {
                      "version": "http://registry.npm.taobao.org/clone-stats/download/clone-stats-0.0.1.tgz"
                    },
                    "replace-ext": {
                      "version": "http://registry.npm.taobao.org/replace-ext/download/replace-ext-0.0.1.tgz"
                    }
                  }
                }
              }
            },
            "yauzl": {
              "version": "http://registry.npm.taobao.org/yauzl/download/yauzl-2.10.0.tgz",
              "bundled": true
            },
            "yazl": {
              "version": "http://registry.npm.taobao.org/yazl/download/yazl-2.4.3.tgz",
              "bundled": true
            }
          }
        },
        "mocha": {
          "version": "http://registry.npm.taobao.org/mocha/download/mocha-4.1.0.tgz",
          "bundled": true,
          "dependencies": {
            "browser-stdout": {
              "version": "http://registry.npm.taobao.org/browser-stdout/download/browser-stdout-1.3.0.tgz",
              "bundled": true
            },
            "commander": {
              "version": "http://registry.npm.taobao.org/commander/download/commander-2.11.0.tgz",
              "bundled": true
            },
            "debug": {
              "version": "http://registry.npm.taobao.org/debug/download/debug-3.1.0.tgz",
              "bundled": true
            },
            "diff": {
              "version": "http://registry.npm.taobao.org/diff/download/diff-3.3.1.tgz",
              "bundled": true
            },
            "escape-string-regexp": {
              "version": "http://registry.npm.taobao.org/escape-string-regexp/download/escape-string-regexp-1.0.5.tgz",
              "bundled": true
            },
            "glob": {
              "version": "http://registry.npm.taobao.org/glob/download/glob-7.1.2.tgz",
              "bundled": true,
              "dependencies": {
                "fs.realpath": {
                  "version": "http://registry.npm.taobao.org/fs.realpath/download/fs.realpath-1.0.0.tgz",
                  "bundled": true
                },
                "inflight": {
                  "version": "http://registry.npm.taobao.org/inflight/download/inflight-1.0.6.tgz",
                  "bundled": true
                },
                "inherits": {
                  "version": "http://registry.npm.taobao.org/inherits/download/inherits-2.0.3.tgz",
                  "bundled": true
                },
                "minimatch": {
                  "version": "http://registry.npm.taobao.org/minimatch/download/minimatch-3.0.4.tgz",
                  "bundled": true,
                  "dependencies": {}
                },
                "once": {
                  "version": "http://registry.npm.taobao.org/once/download/once-1.4.0.tgz",
                  "bundled": true,
                  "dependencies": {}
                },
                "path-is-absolute": {
                  "version": "http://registry.npm.taobao.org/path-is-absolute/download/path-is-absolute-1.0.1.tgz",
                  "bundled": true
                }
              }
            },
            "growl": {
              "version": "http://registry.npm.taobao.org/growl/download/growl-1.10.3.tgz",
              "bundled": true
            },
            "he": {
              "version": "http://registry.npm.taobao.org/he/download/he-1.1.1.tgz",
              "bundled": true
            },
            "mkdirp": {
              "version": "http://registry.npm.taobao.org/mkdirp/download/mkdirp-0.5.1.tgz",
              "bundled": true
            },
            "supports-color": {
              "version": "http://registry.npm.taobao.org/supports-color/download/supports-color-4.4.0.tgz",
              "bundled": true
            }
          }
        },
        "request": {
          "version": "http://registry.npm.taobao.org/request/download/request-2.87.0.tgz",
          "bundled": true,
          "dependencies": {
            "aws-sign2": {
              "version": "http://registry.npm.taobao.org/aws-sign2/download/aws-sign2-0.7.0.tgz"
            },
            "aws4": {
              "version": "http://registry.npm.taobao.org/aws4/download/aws4-1.7.0.tgz"
            },
            "caseless": {
              "version": "http://registry.npm.taobao.org/caseless/download/caseless-0.12.0.tgz"
            },
            "combined-stream": {
              "version": "http://registry.npm.taobao.org/combined-stream/download/combined-stream-1.0.6.tgz"
            },
            "extend": {
              "version": "http://registry.npm.taobao.org/extend/download/extend-3.0.2.tgz"
            },
            "forever-agent": {
              "version": "http://registry.npm.taobao.org/forever-agent/download/forever-agent-0.6.1.tgz"
            },
            "form-data": {
              "version": "http://registry.npm.taobao.org/form-data/download/form-data-2.3.2.tgz",
              "dependencies": {
                "asynckit": {
                  "version": "http://registry.npm.taobao.org/asynckit/download/asynckit-0.4.0.tgz",
                  "bundled": true
                },
                "combined-stream": {
                  "version": "http://registry.npm.taobao.org/combined-stream/download/combined-stream-1.0.6.tgz",
                  "bundled": true,
                  "dependencies": {
                    "delayed-stream": {
                      "version": "http://registry.npm.taobao.org/delayed-stream/download/delayed-stream-1.0.0.tgz"
                    }
                  }
                },
                "mime-types": {
                  "version": "http://registry.npm.taobao.org/mime-types/download/mime-types-2.1.19.tgz",
                  "bundled": true
                }
              }
            },
            "har-validator": {
              "version": "http://registry.npm.taobao.org/har-validator/download/har-validator-5.0.3.tgz"
            },
            "http-signature": {
              "version": "http://registry.npm.taobao.org/http-signature/download/http-signature-1.2.0.tgz"
            },
            "is-typedarray": {
              "version": "http://registry.npm.taobao.org/is-typedarray/download/is-typedarray-1.0.0.tgz"
            },
            "isstream": {
              "version": "http://registry.npm.taobao.org/isstream/download/isstream-0.1.2.tgz"
            },
            "json-stringify-safe": {
              "version": "http://registry.npm.taobao.org/json-stringify-safe/download/json-stringify-safe-5.0.1.tgz"
            },
            "mime-types": {
              "version": "http://registry.npm.taobao.org/mime-types/download/mime-types-2.1.19.tgz",
              "dependencies": {
                "mime-db": {
                  "version": "http://registry.npm.taobao.org/mime-db/download/mime-db-1.35.0.tgz",
                  "bundled": true
                }
              }
            },
            "oauth-sign": {
              "version": "http://registry.npm.taobao.org/oauth-sign/download/oauth-sign-0.8.2.tgz"
            },
            "performance-now": {
              "version": "http://registry.npm.taobao.org/performance-now/download/performance-now-2.1.0.tgz"
            },
            "qs": {
              "version": "http://registry.npm.taobao.org/qs/download/qs-6.5.2.tgz"
            },
            "safe-buffer": {
              "version": "http://registry.npm.taobao.org/safe-buffer/download/safe-buffer-5.1.2.tgz"
            },
            "tough-cookie": {
              "version": "http://registry.npm.taobao.org/tough-cookie/download/tough-cookie-2.3.4.tgz"
            },
            "tunnel-agent": {
              "version": "http://registry.npm.taobao.org/tunnel-agent/download/tunnel-agent-0.6.0.tgz"
            },
            "uuid": {
              "version": "http://registry.npm.taobao.org/uuid/download/uuid-3.3.2.tgz"
            }
          }
        },
        "semver": {
          "version": "http://registry.npm.taobao.org/semver/download/semver-5.5.0.tgz",
          "bundled": true
        },
        "source-map-support": {
          "version": "http://registry.npm.taobao.org/source-map-support/download/source-map-support-0.5.6.tgz",
          "bundled": true
        },
        "url-parse": {
          "version": "http://registry.npm.taobao.org/url-parse/download/url-parse-1.4.3.tgz",
          "bundled": true
        },
        "vinyl-source-stream": {
          "version": "http://registry.npm.taobao.org/vinyl-source-stream/download/vinyl-source-stream-1.1.2.tgz",
          "bundled": true,
          "dependencies": {
            "through2": {
              "version": "http://registry.npm.taobao.org/through2/download/through2-2.0.3.tgz",
              "dependencies": {
                "readable-stream": {
                  "version": "http://registry.npm.taobao.org/readable-stream/download/readable-stream-2.3.6.tgz",
                  "bundled": true,
                  "dependencies": {}
                },
                "xtend": {
                  "version": "http://registry.npm.taobao.org/xtend/download/xtend-4.0.1.tgz",
                  "bundled": true
                }
              }
            },
            "vinyl": {
              "version": "http://registry.npm.taobao.org/vinyl/download/vinyl-0.4.6.tgz",
              "dependencies": {
                "clone": {
                  "version": "http://registry.npm.taobao.org/clone/download/clone-0.2.0.tgz"
                },
                "clone-stats": {
                  "version": "http://registry.npm.taobao.org/clone-stats/download/clone-stats-0.0.1.tgz"
                }
              }
            }
          }
        }
      }
    }
  }
}
